
Microsoft Visual Studio Solution File, Format Version 12.00
# Visual Studio Version 17
VisualStudioVersion = 17.3.32929.385
MinimumVisualStudioVersion = 10.0.40219.1
Project("{FAE04EC0-301F-11D3-BF4B-00C04F79EFBC}") = "TaskifyAPI", "TaskifyAPI\TaskifyAPI.csproj", "{1072BB4D-84A5-4972-9997-44D9DC9446BC}"
EndProject
Global
	GlobalSection(SolutionConfigurationPlatforms) = preSolution
		Debug|Any CPU = Debug|Any CPU
		Release|Any CPU = Release|Any CPU
	EndGlobalSection
	GlobalSection(ProjectConfigurationPlatforms) = postSolution
		{1072BB4D-84A5-4972-9997-44D9DC9446BC}.Debug|Any CPU.ActiveCfg = Debug|Any CPU
		{1072BB4D-84A5-4972-9997-44D9DC9446BC}.Debug|Any CPU.Build.0 = Debug|Any CPU
		{1072BB4D-84A5-4972-9997-44D9DC9446BC}.Release|Any CPU.ActiveCfg = Release|Any CPU
		{1072BB4D-84A5-4972-9997-44D9DC9446BC}.Release|Any CPU.Build.0 = Release|Any CPU
	EndGlobalSection
	GlobalSection(SolutionProperties) = preSolution
		HideSolutionNode = FALSE
	EndGlobalSection
	GlobalSection(ExtensibilityGlobals) = postSolution
		SolutionGuid = {BDBA357A-5682-494E-A891-75A0DFB14380}
	EndGlobalSection
EndGlobal
